
Microsoft Visual Studio Solution File, Format Version 12.00
# Visual Studio Version 17
VisualStudioVersion = 17.13.35828.75 d17.13
MinimumVisualStudioVersion = 10.0.40219.1
Project("{FAE04EC0-301F-11D3-BF4B-00C04F79EFBC}") = "URL Dumper", "URL Dumper.csproj", "{7D1652B1-0439-4992-B45B-C409E51A9B6D}"
EndProject
Global
	GlobalSection(SolutionConfigurationPlatforms) = preSolution
		Debug|Any CPU = Debug|Any CPU
		Release|Any CPU = Release|Any CPU
	EndGlobalSection
	GlobalSection(ProjectConfigurationPlatforms) = postSolution
		{7D1652B1-0439-4992-B45B-C409E51A9B6D}.Debug|Any CPU.ActiveCfg = Debug|Any CPU
		{7D1652B1-0439-4992-B45B-C409E51A9B6D}.Debug|Any CPU.Build.0 = Debug|Any CPU
		{7D1652B1-0439-4992-B45B-C409E51A9B6D}.Release|Any CPU.ActiveCfg = Release|Any CPU
		{7D1652B1-0439-4992-B45B-C409E51A9B6D}.Release|Any CPU.Build.0 = Release|Any CPU
	EndGlobalSection
	GlobalSection(SolutionProperties) = preSolution
		HideSolutionNode = FALSE
	EndGlobalSection
	GlobalSection(ExtensibilityGlobals) = postSolution
		SolutionGuid = {8A570148-4263-4C2C-AF36-ED83035B327D}
	EndGlobalSection
EndGlobal
